
Microsoft Visual Studio Solution File, Format Version 12.00
# Visual Studio Version 16
VisualStudioVersion = 16.0.29709.97
MinimumVisualStudioVersion = 10.0.40219.1
Project("{9A19103F-16F7-4668-BE54-9A1E7A4F7556}") = "hb", "hb\hb.csproj", "{3EB28C90-2824-4239-A52F-97E30BE39EB1}"
EndProject
Project("{9A19103F-16F7-4668-BE54-9A1E7A4F7556}") = "test", "test\test.csproj", "{7D3FBC1D-F35B-4669-BB04-5AB9D81F8735}"
EndProject
Global
	GlobalSection(SolutionConfigurationPlatforms) = preSolution
		Debug|Any CPU = Debug|Any CPU
		Release|Any CPU = Release|Any CPU
	EndGlobalSection
	GlobalSection(ProjectConfigurationPlatforms) = postSolution
		{3EB28C90-2824-4239-A52F-97E30BE39EB1}.Debug|Any CPU.ActiveCfg = Debug|Any CPU
		{3EB28C90-2824-4239-A52F-97E30BE39EB1}.Debug|Any CPU.Build.0 = Debug|Any CPU
		{3EB28C90-2824-4239-A52F-97E30BE39EB1}.Release|Any CPU.ActiveCfg = Release|Any CPU
		{3EB28C90-2824-4239-A52F-97E30BE39EB1}.Release|Any CPU.Build.0 = Release|Any CPU
		{7D3FBC1D-F35B-4669-BB04-5AB9D81F8735}.Debug|Any CPU.ActiveCfg = Debug|Any CPU
		{7D3FBC1D-F35B-4669-BB04-5AB9D81F8735}.Debug|Any CPU.Build.0 = Debug|Any CPU
		{7D3FBC1D-F35B-4669-BB04-5AB9D81F8735}.Release|Any CPU.ActiveCfg = Release|Any CPU
		{7D3FBC1D-F35B-4669-BB04-5AB9D81F8735}.Release|Any CPU.Build.0 = Release|Any CPU
	EndGlobalSection
	GlobalSection(SolutionProperties) = preSolution
		HideSolutionNode = FALSE
	EndGlobalSection
	GlobalSection(ExtensibilityGlobals) = postSolution
		SolutionGuid = {5F86ABD6-9D62-4EA2-A634-DB716B73FA95}
	EndGlobalSection
EndGlobal
